
Microsoft Visual Studio Solution File, Format Version 12.00
# Visual Studio Version 17
VisualStudioVersion = 17.14.36930.0 d17.14
MinimumVisualStudioVersion = 10.0.40219.1
Project("{FAE04EC0-301F-11D3-BF4B-00C04F79EFBC}") = "RecipesApplication", "RecipesApplication\RecipesApplication.csproj", "{0D43FAE7-91E4-44AD-BA2E-179DA6EA259A}"
EndProject
Global
	GlobalSection(SolutionConfigurationPlatforms) = preSolution
		Debug|Any CPU = Debug|Any CPU
		Release|Any CPU = Release|Any CPU
	EndGlobalSection
	GlobalSection(ProjectConfigurationPlatforms) = postSolution
		{0D43FAE7-91E4-44AD-BA2E-179DA6EA259A}.Debug|Any CPU.ActiveCfg = Debug|Any CPU
		{0D43FAE7-91E4-44AD-BA2E-179DA6EA259A}.Debug|Any CPU.Build.0 = Debug|Any CPU
		{0D43FAE7-91E4-44AD-BA2E-179DA6EA259A}.Release|Any CPU.ActiveCfg = Release|Any CPU
		{0D43FAE7-91E4-44AD-BA2E-179DA6EA259A}.Release|Any CPU.Build.0 = Release|Any CPU
	EndGlobalSection
	GlobalSection(SolutionProperties) = preSolution
		HideSolutionNode = FALSE
	EndGlobalSection
	GlobalSection(ExtensibilityGlobals) = postSolution
		SolutionGuid = {693BB0C4-041A-4222-8AE6-9FE1486F9157}
	EndGlobalSection
EndGlobal
